
Microsoft Visual Studio Solution File, Format Version 12.00
# Visual Studio Version 17
VisualStudioVersion = 17.6.33815.320
MinimumVisualStudioVersion = 10.0.40219.1
Project("{FAE04EC0-301F-11D3-BF4B-00C04F79EFBC}") = "Cv.Android", "Cv\Cv.Android\Cv.Android.csproj", "{A9C6FD3C-5995-40E1-A186-79671C213883}"
EndProject
Project("{FAE04EC0-301F-11D3-BF4B-00C04F79EFBC}") = "Cv", "Cv\Cv\Cv.csproj", "{6F44B649-4CFF-4965-8E51-B9A3AB9D7153}"
EndProject
Global
	GlobalSection(SolutionConfigurationPlatforms) = preSolution
		Debug|Any CPU = Debug|Any CPU
		Release|Any CPU = Release|Any CPU
	EndGlobalSection
	GlobalSection(ProjectConfigurationPlatforms) = postSolution
		{A9C6FD3C-5995-40E1-A186-79671C213883}.Debug|Any CPU.ActiveCfg = Debug|Any CPU
		{A9C6FD3C-5995-40E1-A186-79671C213883}.Debug|Any CPU.Build.0 = Debug|Any CPU
		{A9C6FD3C-5995-40E1-A186-79671C213883}.Debug|Any CPU.Deploy.0 = Debug|Any CPU
		{A9C6FD3C-5995-40E1-A186-79671C213883}.Release|Any CPU.ActiveCfg = Release|Any CPU
		{A9C6FD3C-5995-40E1-A186-79671C213883}.Release|Any CPU.Build.0 = Release|Any CPU
		{A9C6FD3C-5995-40E1-A186-79671C213883}.Release|Any CPU.Deploy.0 = Release|Any CPU
		{6F44B649-4CFF-4965-8E51-B9A3AB9D7153}.Debug|Any CPU.ActiveCfg = Debug|Any CPU
		{6F44B649-4CFF-4965-8E51-B9A3AB9D7153}.Debug|Any CPU.Build.0 = Debug|Any CPU
		{6F44B649-4CFF-4965-8E51-B9A3AB9D7153}.Debug|Any CPU.Deploy.0 = Debug|Any CPU
		{6F44B649-4CFF-4965-8E51-B9A3AB9D7153}.Release|Any CPU.ActiveCfg = Release|Any CPU
		{6F44B649-4CFF-4965-8E51-B9A3AB9D7153}.Release|Any CPU.Build.0 = Release|Any CPU
		{6F44B649-4CFF-4965-8E51-B9A3AB9D7153}.Release|Any CPU.Deploy.0 = Release|Any CPU
	EndGlobalSection
	GlobalSection(SolutionProperties) = preSolution
		HideSolutionNode = FALSE
	EndGlobalSection
	GlobalSection(ExtensibilityGlobals) = postSolution
		SolutionGuid = {49C05985-2640-4851-908E-74D6311701B3}
	EndGlobalSection
EndGlobal
